# This file was autogenerated by Stack.
# You should not edit this file by hand.
# For more information, please see the documentation at:
#   https://docs.haskellstack.org/en/stable/lock_files

packages:
- completed:
    hackage: heist-1.1.0.1@sha256:6c18998d6586ae4fd3d9bd2ca1ef031adf0e19023d92dcedeb0a4e9c0fa83022,9311
    pantry-tree:
      size: 7354
      sha256: 67e9a7d882d2184607b31a29bb93b31b47a16976aa8794af7109d710b1dabd7c
  original:
    hackage: heist-1.1.0.1@sha256:6c18998d6586ae4fd3d9bd2ca1ef031adf0e19023d92dcedeb0a4e9c0fa83022,9311
- completed:
    hackage: map-syntax-0.3@sha256:84dc86fa1c292af25963bf7212ae7d55ce87239a9f8d4cc85bd0acc35874d2e1,2420
    pantry-tree:
      size: 558
      sha256: bb33cb3230b362d94f2367b313f06f9d73d2b2afa4626bd2fab8dc4d45468164
  original:
    hackage: map-syntax-0.3@sha256:84dc86fa1c292af25963bf7212ae7d55ce87239a9f8d4cc85bd0acc35874d2e1,2420
- completed:
    hackage: pwstore-fast-2.4.4@sha256:9b6a37510d8b9f37f409a8ab3babac9181afcaaa3fce8ba1c131a7ed3de30698,1351
    pantry-tree:
      size: 270
      sha256: ff4a44ede62515efe5cd366a5803f7183c811c4a0cf56eea88da94181c4844c0
  original:
    hackage: pwstore-fast-2.4.4@sha256:9b6a37510d8b9f37f409a8ab3babac9181afcaaa3fce8ba1c131a7ed3de30698,1351
- completed:
    hackage: xmlhtml-0.2.5.2@sha256:3f0990f725551985d777e8edb5563fe99aee998f1fde6a7633f720f76df54701,46997
    pantry-tree:
      size: 61835
      sha256: bb1bd95db3738e18d112bbc9724510ee64a51b7eda61494507f4957c5e2281f6
  original:
    hackage: xmlhtml-0.2.5.2@sha256:3f0990f725551985d777e8edb5563fe99aee998f1fde6a7633f720f76df54701,46997
snapshots:
- completed:
    size: 523700
    url: https://raw.githubusercontent.com/commercialhaskell/stackage-snapshots/master/lts/14/7.yaml
    sha256: 8e3f3c894be74d71fa4bf085e0a8baae7e4d7622d07ea31a52736b80f8b9bb1a
  original: lts-14.7
